
Microsoft Visual Studio Solution File, Format Version 12.00
# Visual Studio Version 17
VisualStudioVersion = 17.10.34928.147
MinimumVisualStudioVersion = 10.0.40219.1
Project("{9A19103F-16F7-4668-BE54-9A1E7A4F7556}") = "LinkedList", "LinkedList\LinkedList.csproj", "{ABAFD5E0-7B67-49F4-A795-ECB058283038}"
EndProject
Project("{FAE04EC0-301F-11D3-BF4B-00C04F79EFBC}") = "LinkedListTest", "LinkedListTest\LinkedListTest.csproj", "{7BA7939D-9012-444D-8F4F-85C4A640B4A5}"
EndProject
Global
	GlobalSection(SolutionConfigurationPlatforms) = preSolution
		Debug|Any CPU = Debug|Any CPU
		Release|Any CPU = Release|Any CPU
	EndGlobalSection
	GlobalSection(ProjectConfigurationPlatforms) = postSolution
		{ABAFD5E0-7B67-49F4-A795-ECB058283038}.Debug|Any CPU.ActiveCfg = Debug|Any CPU
		{ABAFD5E0-7B67-49F4-A795-ECB058283038}.Debug|Any CPU.Build.0 = Debug|Any CPU
		{ABAFD5E0-7B67-49F4-A795-ECB058283038}.Release|Any CPU.ActiveCfg = Release|Any CPU
		{ABAFD5E0-7B67-49F4-A795-ECB058283038}.Release|Any CPU.Build.0 = Release|Any CPU
		{7BA7939D-9012-444D-8F4F-85C4A640B4A5}.Debug|Any CPU.ActiveCfg = Debug|Any CPU
		{7BA7939D-9012-444D-8F4F-85C4A640B4A5}.Debug|Any CPU.Build.0 = Debug|Any CPU
		{7BA7939D-9012-444D-8F4F-85C4A640B4A5}.Release|Any CPU.ActiveCfg = Release|Any CPU
		{7BA7939D-9012-444D-8F4F-85C4A640B4A5}.Release|Any CPU.Build.0 = Release|Any CPU
	EndGlobalSection
	GlobalSection(SolutionProperties) = preSolution
		HideSolutionNode = FALSE
	EndGlobalSection
	GlobalSection(ExtensibilityGlobals) = postSolution
		SolutionGuid = {6AF9F0AC-B73F-4AE4-BE18-DBB028486817}
	EndGlobalSection
EndGlobal
