
Microsoft Visual Studio Solution File, Format Version 12.00
# Visual Studio Version 17
VisualStudioVersion = 17.10.34928.147
MinimumVisualStudioVersion = 10.0.40219.1
Project("{FAE04EC0-301F-11D3-BF4B-00C04F79EFBC}") = "Reverse-Words", "Reverse-Words\Reverse-Words.csproj", "{DF23B6E4-1522-4616-A1E2-FF10641F0CCA}"
EndProject
Project("{FAE04EC0-301F-11D3-BF4B-00C04F79EFBC}") = "Reverse-WordsTest", "Reverse-WordsTest\Reverse-WordsTest.csproj", "{2A6D5494-B388-49B4-B9AB-1EF61C859C86}"
EndProject
Global
	GlobalSection(SolutionConfigurationPlatforms) = preSolution
		Debug|Any CPU = Debug|Any CPU
		Release|Any CPU = Release|Any CPU
	EndGlobalSection
	GlobalSection(ProjectConfigurationPlatforms) = postSolution
		{DF23B6E4-1522-4616-A1E2-FF10641F0CCA}.Debug|Any CPU.ActiveCfg = Debug|Any CPU
		{DF23B6E4-1522-4616-A1E2-FF10641F0CCA}.Debug|Any CPU.Build.0 = Debug|Any CPU
		{DF23B6E4-1522-4616-A1E2-FF10641F0CCA}.Release|Any CPU.ActiveCfg = Release|Any CPU
		{DF23B6E4-1522-4616-A1E2-FF10641F0CCA}.Release|Any CPU.Build.0 = Release|Any CPU
		{2A6D5494-B388-49B4-B9AB-1EF61C859C86}.Debug|Any CPU.ActiveCfg = Debug|Any CPU
		{2A6D5494-B388-49B4-B9AB-1EF61C859C86}.Debug|Any CPU.Build.0 = Debug|Any CPU
		{2A6D5494-B388-49B4-B9AB-1EF61C859C86}.Release|Any CPU.ActiveCfg = Release|Any CPU
		{2A6D5494-B388-49B4-B9AB-1EF61C859C86}.Release|Any CPU.Build.0 = Release|Any CPU
	EndGlobalSection
	GlobalSection(SolutionProperties) = preSolution
		HideSolutionNode = FALSE
	EndGlobalSection
	GlobalSection(ExtensibilityGlobals) = postSolution
		SolutionGuid = {2409DBF4-878F-44C5-B101-C670FE0C091F}
	EndGlobalSection
EndGlobal
